
Microsoft Visual Studio Solution File, Format Version 12.00
# Visual Studio Version 17
VisualStudioVersion = 17.1.32210.238
MinimumVisualStudioVersion = 10.0.40219.1
Project("{FAE04EC0-301F-11D3-BF4B-00C04F79EFBC}") = "MegaPrimeNumbers", "MegaPrimeNumbers\MegaPrimeNumbers.csproj", "{35E8C17C-EB84-4A77-8021-86ECA84B2213}"
EndProject
Project("{FAE04EC0-301F-11D3-BF4B-00C04F79EFBC}") = "MegaPrimeNumbersNUnitTestProject", "MegaPrimeNumbersNUnitTestProject\MegaPrimeNumbersNUnitTestProject.csproj", "{674FD3BE-D9C5-4E29-9DFB-B4107AB46FA0}"
EndProject
Global
	GlobalSection(SolutionConfigurationPlatforms) = preSolution
		Debug|Any CPU = Debug|Any CPU
		Release|Any CPU = Release|Any CPU
	EndGlobalSection
	GlobalSection(ProjectConfigurationPlatforms) = postSolution
		{35E8C17C-EB84-4A77-8021-86ECA84B2213}.Debug|Any CPU.ActiveCfg = Debug|Any CPU
		{35E8C17C-EB84-4A77-8021-86ECA84B2213}.Debug|Any CPU.Build.0 = Debug|Any CPU
		{35E8C17C-EB84-4A77-8021-86ECA84B2213}.Release|Any CPU.ActiveCfg = Release|Any CPU
		{35E8C17C-EB84-4A77-8021-86ECA84B2213}.Release|Any CPU.Build.0 = Release|Any CPU
		{674FD3BE-D9C5-4E29-9DFB-B4107AB46FA0}.Debug|Any CPU.ActiveCfg = Debug|Any CPU
		{674FD3BE-D9C5-4E29-9DFB-B4107AB46FA0}.Debug|Any CPU.Build.0 = Debug|Any CPU
		{674FD3BE-D9C5-4E29-9DFB-B4107AB46FA0}.Release|Any CPU.ActiveCfg = Release|Any CPU
		{674FD3BE-D9C5-4E29-9DFB-B4107AB46FA0}.Release|Any CPU.Build.0 = Release|Any CPU
	EndGlobalSection
	GlobalSection(SolutionProperties) = preSolution
		HideSolutionNode = FALSE
	EndGlobalSection
	GlobalSection(ExtensibilityGlobals) = postSolution
		SolutionGuid = {D4416184-5AF3-4F4E-B863-D1C15C8793A8}
	EndGlobalSection
EndGlobal
